
Microsoft Visual Studio Solution File, Format Version 9.00
# Visual Studio 2005
Project("{E24C65DC-7377-472B-9ABA-BC803B73C61A}") = "C:\...\TramDoc\", "..\TramDoc", "{5C05F390-E3B2-4F06-814D-0C1B3EC83AFF}"
	ProjectSection(WebsiteProperties) = preProject
		ProjectReferences = "{78565451-B2F3-4E5A-90B1-E0C91D6747F2}|CapaLogicaNegocio.dll;{98525A03-6D2D-4634-96CC-322A41C04E61}|BusinessLayer.dll;"
		Debug.AspNetCompiler.VirtualPath = "/TramDoc"
		Debug.AspNetCompiler.PhysicalPath = "..\TramDoc\"
		Debug.AspNetCompiler.TargetPath = "PrecompiledWeb\TramDoc\"
		Debug.AspNetCompiler.Updateable = "true"
		Debug.AspNetCompiler.ForceOverwrite = "true"
		Debug.AspNetCompiler.FixedNames = "false"
		Debug.AspNetCompiler.Debug = "True"
		Release.AspNetCompiler.VirtualPath = "/TramDoc"
		Release.AspNetCompiler.PhysicalPath = "..\TramDoc\"
		Release.AspNetCompiler.TargetPath = "PrecompiledWeb\TramDoc\"
		Release.AspNetCompiler.Updateable = "true"
		Release.AspNetCompiler.ForceOverwrite = "true"
		Release.AspNetCompiler.FixedNames = "false"
		Release.AspNetCompiler.Debug = "False"
		VWDPort = "1399"
	EndProjectSection
EndProject
Project("{F184B08F-C81C-45F6-A57F-5ABD9991F28F}") = "CapaAccesoDatos", "..\CapaAccesoDatos\CapaAccesoDatos.vbproj", "{09A9BE4F-0F33-45D9-8A93-CE0D5E6A5CD3}"
EndProject
Project("{F184B08F-C81C-45F6-A57F-5ABD9991F28F}") = "CapaLogicaNegocio", "..\CapaLogicaNegocio\CapaLogicaNegocio.vbproj", "{78565451-B2F3-4E5A-90B1-E0C91D6747F2}"
EndProject
Project("{F184B08F-C81C-45F6-A57F-5ABD9991F28F}") = "MyGeneration.dOOdads_2005", "..\MyGeneration.dOOdads\MyGeneration.dOOdads_2005.vbproj", "{D8DFD338-036C-4472-8611-59566F4E37FB}"
EndProject
Project("{F184B08F-C81C-45F6-A57F-5ABD9991F28F}") = "BusinessLayer", "..\BusinessLayer\BusinessLayer\BusinessLayer.vbproj", "{98525A03-6D2D-4634-96CC-322A41C04E61}"
EndProject
Global
	GlobalSection(SolutionConfigurationPlatforms) = preSolution
		Debug|.NET = Debug|.NET
		Debug|Any CPU = Debug|Any CPU
		Debug|Mixed Platforms = Debug|Mixed Platforms
		Release|.NET = Release|.NET
		Release|Any CPU = Release|Any CPU
		Release|Mixed Platforms = Release|Mixed Platforms
	EndGlobalSection
	GlobalSection(ProjectConfigurationPlatforms) = postSolution
		{5C05F390-E3B2-4F06-814D-0C1B3EC83AFF}.Debug|.NET.ActiveCfg = Debug|.NET
		{5C05F390-E3B2-4F06-814D-0C1B3EC83AFF}.Debug|.NET.Build.0 = Debug|.NET
		{5C05F390-E3B2-4F06-814D-0C1B3EC83AFF}.Debug|Any CPU.ActiveCfg = Debug|.NET
		{5C05F390-E3B2-4F06-814D-0C1B3EC83AFF}.Debug|Mixed Platforms.ActiveCfg = Debug|.NET
		{5C05F390-E3B2-4F06-814D-0C1B3EC83AFF}.Debug|Mixed Platforms.Build.0 = Debug|.NET
		{5C05F390-E3B2-4F06-814D-0C1B3EC83AFF}.Release|.NET.ActiveCfg = Debug|.NET
		{5C05F390-E3B2-4F06-814D-0C1B3EC83AFF}.Release|.NET.Build.0 = Debug|.NET
		{5C05F390-E3B2-4F06-814D-0C1B3EC83AFF}.Release|Any CPU.ActiveCfg = Debug|.NET
		{5C05F390-E3B2-4F06-814D-0C1B3EC83AFF}.Release|Mixed Platforms.ActiveCfg = Debug|.NET
		{5C05F390-E3B2-4F06-814D-0C1B3EC83AFF}.Release|Mixed Platforms.Build.0 = Debug|.NET
		{09A9BE4F-0F33-45D9-8A93-CE0D5E6A5CD3}.Debug|.NET.ActiveCfg = Debug|Any CPU
		{09A9BE4F-0F33-45D9-8A93-CE0D5E6A5CD3}.Debug|Any CPU.ActiveCfg = Debug|Any CPU
		{09A9BE4F-0F33-45D9-8A93-CE0D5E6A5CD3}.Debug|Any CPU.Build.0 = Debug|Any CPU
		{09A9BE4F-0F33-45D9-8A93-CE0D5E6A5CD3}.Debug|Mixed Platforms.ActiveCfg = Debug|Any CPU
		{09A9BE4F-0F33-45D9-8A93-CE0D5E6A5CD3}.Debug|Mixed Platforms.Build.0 = Debug|Any CPU
		{09A9BE4F-0F33-45D9-8A93-CE0D5E6A5CD3}.Release|.NET.ActiveCfg = Release|Any CPU
		{09A9BE4F-0F33-45D9-8A93-CE0D5E6A5CD3}.Release|Any CPU.ActiveCfg = Release|Any CPU
		{09A9BE4F-0F33-45D9-8A93-CE0D5E6A5CD3}.Release|Any CPU.Build.0 = Release|Any CPU
		{09A9BE4F-0F33-45D9-8A93-CE0D5E6A5CD3}.Release|Mixed Platforms.ActiveCfg = Release|Any CPU
		{09A9BE4F-0F33-45D9-8A93-CE0D5E6A5CD3}.Release|Mixed Platforms.Build.0 = Release|Any CPU
		{78565451-B2F3-4E5A-90B1-E0C91D6747F2}.Debug|.NET.ActiveCfg = Debug|Any CPU
		{78565451-B2F3-4E5A-90B1-E0C91D6747F2}.Debug|Any CPU.ActiveCfg = Debug|Any CPU
		{78565451-B2F3-4E5A-90B1-E0C91D6747F2}.Debug|Any CPU.Build.0 = Debug|Any CPU
		{78565451-B2F3-4E5A-90B1-E0C91D6747F2}.Debug|Mixed Platforms.ActiveCfg = Debug|Any CPU
		{78565451-B2F3-4E5A-90B1-E0C91D6747F2}.Debug|Mixed Platforms.Build.0 = Debug|Any CPU
		{78565451-B2F3-4E5A-90B1-E0C91D6747F2}.Release|.NET.ActiveCfg = Release|Any CPU
		{78565451-B2F3-4E5A-90B1-E0C91D6747F2}.Release|Any CPU.ActiveCfg = Release|Any CPU
		{78565451-B2F3-4E5A-90B1-E0C91D6747F2}.Release|Any CPU.Build.0 = Release|Any CPU
		{78565451-B2F3-4E5A-90B1-E0C91D6747F2}.Release|Mixed Platforms.ActiveCfg = Release|Any CPU
		{78565451-B2F3-4E5A-90B1-E0C91D6747F2}.Release|Mixed Platforms.Build.0 = Release|Any CPU
		{D8DFD338-036C-4472-8611-59566F4E37FB}.Debug|.NET.ActiveCfg = Debug|Any CPU
		{D8DFD338-036C-4472-8611-59566F4E37FB}.Debug|Any CPU.ActiveCfg = Debug|Any CPU
		{D8DFD338-036C-4472-8611-59566F4E37FB}.Debug|Any CPU.Build.0 = Debug|Any CPU
		{D8DFD338-036C-4472-8611-59566F4E37FB}.Debug|Mixed Platforms.ActiveCfg = Debug|Any CPU
		{D8DFD338-036C-4472-8611-59566F4E37FB}.Debug|Mixed Platforms.Build.0 = Debug|Any CPU
		{D8DFD338-036C-4472-8611-59566F4E37FB}.Release|.NET.ActiveCfg = Release|Any CPU
		{D8DFD338-036C-4472-8611-59566F4E37FB}.Release|Any CPU.ActiveCfg = Release|Any CPU
		{D8DFD338-036C-4472-8611-59566F4E37FB}.Release|Any CPU.Build.0 = Release|Any CPU
		{D8DFD338-036C-4472-8611-59566F4E37FB}.Release|Mixed Platforms.ActiveCfg = Release|Any CPU
		{D8DFD338-036C-4472-8611-59566F4E37FB}.Release|Mixed Platforms.Build.0 = Release|Any CPU
		{98525A03-6D2D-4634-96CC-322A41C04E61}.Debug|.NET.ActiveCfg = Debug|Any CPU
		{98525A03-6D2D-4634-96CC-322A41C04E61}.Debug|Any CPU.ActiveCfg = Debug|Any CPU
		{98525A03-6D2D-4634-96CC-322A41C04E61}.Debug|Any CPU.Build.0 = Debug|Any CPU
		{98525A03-6D2D-4634-96CC-322A41C04E61}.Debug|Mixed Platforms.ActiveCfg = Debug|Any CPU
		{98525A03-6D2D-4634-96CC-322A41C04E61}.Debug|Mixed Platforms.Build.0 = Debug|Any CPU
		{98525A03-6D2D-4634-96CC-322A41C04E61}.Release|.NET.ActiveCfg = Release|Any CPU
		{98525A03-6D2D-4634-96CC-322A41C04E61}.Release|Any CPU.ActiveCfg = Release|Any CPU
		{98525A03-6D2D-4634-96CC-322A41C04E61}.Release|Any CPU.Build.0 = Release|Any CPU
		{98525A03-6D2D-4634-96CC-322A41C04E61}.Release|Mixed Platforms.ActiveCfg = Release|Any CPU
		{98525A03-6D2D-4634-96CC-322A41C04E61}.Release|Mixed Platforms.Build.0 = Release|Any CPU
	EndGlobalSection
	GlobalSection(SolutionProperties) = preSolution
		HideSolutionNode = FALSE
	EndGlobalSection
EndGlobal
